# This file is automatically @generated by Cargo.
# It is not intended for manual editing.
version = 4

[[package]]
name = "capstone"
version = "0.12.0"
source = "registry+https://github.com/rust-lang/crates.io-index"
checksum = "b08ca438d9585a2b216b0c2e88ea51e096286c5f197f7be2526bb515ef775b6c"
dependencies = [
 "capstone-sys",
 "libc",
]

[[package]]
name = "capstone-sys"
version = "0.16.0"
source = "registry+https://github.com/rust-lang/crates.io-index"
checksum = "fe7183271711ffb7c63a6480e4baf480e0140da59eeba9b18fcc8bf3478950e3"
dependencies = [
 "cc",
 "libc",
]

[[package]]
name = "cc"
version = "1.2.33"
source = "registry+https://github.com/rust-lang/crates.io-index"
checksum = "3ee0f8803222ba5a7e2777dd72ca451868909b1ac410621b676adf07280e9b5f"
dependencies = [
 "shlex",
]

[[package]]
name = "elf"
version = "0.7.4"
source = "registry+https://github.com/rust-lang/crates.io-index"
checksum = "4445909572dbd556c457c849c4ca58623d84b27c8fff1e74b0b4227d8b90d17b"

[[package]]
name = "flux-attrs"
version = "0.1.0"
source = "git+https://github.com/flux-rs/flux.git#70a989bd9725281bae1a527d189d4518e99a0f47"
dependencies = [
 "flux-attrs-impl",
]

[[package]]
name = "flux-attrs-impl"
version = "0.1.0"
source = "git+https://github.com/flux-rs/flux.git#70a989bd9725281bae1a527d189d4518e99a0f47"
dependencies = [
 "proc-macro2",
 "quote",
 "syn",
]

[[package]]
name = "flux-rs"
version = "0.1.0"
source = "git+https://github.com/flux-rs/flux.git#70a989bd9725281bae1a527d189d4518e99a0f47"
dependencies = [
 "flux-attrs",
]

[[package]]
name = "libc"
version = "0.2.175"
source = "registry+https://github.com/rust-lang/crates.io-index"
checksum = "6a82ae493e598baaea5209805c49bbf2ea7de956d50d7da0da1164f9c6d28543"

[[package]]
name = "proc-macro2"
version = "1.0.101"
source = "registry+https://github.com/rust-lang/crates.io-index"
checksum = "89ae43fd86e4158d6db51ad8e2b80f313af9cc74f5c0e03ccb87de09998732de"
dependencies = [
 "unicode-ident",
]

[[package]]
name = "quote"
version = "1.0.40"
source = "registry+https://github.com/rust-lang/crates.io-index"
checksum = "1885c039570dc00dcb4ff087a89e185fd56bae234ddc7f056a945bf36467248d"
dependencies = [
 "proc-macro2",
]

[[package]]
name = "shlex"
version = "1.3.0"
source = "registry+https://github.com/rust-lang/crates.io-index"
checksum = "0fda2ff0d084019ba4d7c6f371c95d8fd75ce3524c3cb8fb653a3023f6323e64"

[[package]]
name = "syn"
version = "2.0.106"
source = "registry+https://github.com/rust-lang/crates.io-index"
checksum = "ede7c438028d4436d71104916910f5bb611972c5cfd7f89b8300a8186e6fada6"
dependencies = [
 "proc-macro2",
 "quote",
 "unicode-ident",
]

[[package]]
name = "unicode-ident"
version = "1.0.18"
source = "registry+https://github.com/rust-lang/crates.io-index"
checksum = "5a5f39404a5da50712a4c1eecf25e90dd62b613502b7e925fd4e4d19b5c96512"

[[package]]
name = "veri-asm"
version = "0.1.0"
dependencies = [
 "capstone",
 "elf",
 "flux-rs",
]
